{
    "requires": true,
    "lockfileVersion": 1,
    "dependencies": {
        "@coreui/coreui": {
            "version": "3.4.0",
            "resolved": "https://registry.npmjs.org/@coreui/coreui/-/coreui-3.4.0.tgz",
            "integrity": "sha512-WqzockdWVkXUNmNwlqdu+AxM+9JoiWGe4rKaySu/dZme1NvVOn2ukjJlpTkssal8UKcSHyitzNixtkMCmUxE1A=="
        },
        "@coreui/icons": {
            "version": "1.0.1",
            "resolved": "https://registry.npmjs.org/@coreui/icons/-/icons-1.0.1.tgz",
            "integrity": "sha512-DAlvdHRC+HHecdy52vskbNzNKEpu6wHDvSlsHGrwOqNxQl1YLhGEtqAW4sKpyVE3GgysNCywUWZGFlLp8I3LgA=="
        }
    }
}
